
Microsoft Visual Studio Solution File, Format Version 12.00
# Visual Studio Version 17
VisualStudioVersion = 17.2.32630.192
MinimumVisualStudioVersion = 10.0.40219.1
Project("{9A19103F-16F7-4668-BE54-9A1E7A4F7556}") = "ContactService", "ContactService\ContactService.csproj", "{4C1FC4C2-74EA-4918-BEA4-74166347A467}"
EndProject
Project("{9A19103F-16F7-4668-BE54-9A1E7A4F7556}") = "CommonService", "CommonService\CommonService.csproj", "{C9AA9EE3-517C-483A-9E63-19E7C108E2F0}"
EndProject
Project("{9A19103F-16F7-4668-BE54-9A1E7A4F7556}") = "UnitTests", "UnitTests\UnitTests.csproj", "{8BC3F310-B201-4D29-956F-BFB13C2A8CED}"
EndProject
Project("{FAE04EC0-301F-11D3-BF4B-00C04F79EFBC}") = "TemplateAPI", "TemplateAPI\TemplateAPI.csproj", "{94E39CCB-07FC-49A6-B070-7E711C37F9DD}"
EndProject
Global
	GlobalSection(SolutionConfigurationPlatforms) = preSolution
		Debug|Any CPU = Debug|Any CPU
		Release|Any CPU = Release|Any CPU
	EndGlobalSection
	GlobalSection(ProjectConfigurationPlatforms) = postSolution
		{4C1FC4C2-74EA-4918-BEA4-74166347A467}.Debug|Any CPU.ActiveCfg = Debug|Any CPU
		{4C1FC4C2-74EA-4918-BEA4-74166347A467}.Debug|Any CPU.Build.0 = Debug|Any CPU
		{4C1FC4C2-74EA-4918-BEA4-74166347A467}.Release|Any CPU.ActiveCfg = Release|Any CPU
		{4C1FC4C2-74EA-4918-BEA4-74166347A467}.Release|Any CPU.Build.0 = Release|Any CPU
		{C9AA9EE3-517C-483A-9E63-19E7C108E2F0}.Debug|Any CPU.ActiveCfg = Debug|Any CPU
		{C9AA9EE3-517C-483A-9E63-19E7C108E2F0}.Debug|Any CPU.Build.0 = Debug|Any CPU
		{C9AA9EE3-517C-483A-9E63-19E7C108E2F0}.Release|Any CPU.ActiveCfg = Release|Any CPU
		{C9AA9EE3-517C-483A-9E63-19E7C108E2F0}.Release|Any CPU.Build.0 = Release|Any CPU
		{8BC3F310-B201-4D29-956F-BFB13C2A8CED}.Debug|Any CPU.ActiveCfg = Debug|Any CPU
		{8BC3F310-B201-4D29-956F-BFB13C2A8CED}.Debug|Any CPU.Build.0 = Debug|Any CPU
		{8BC3F310-B201-4D29-956F-BFB13C2A8CED}.Release|Any CPU.ActiveCfg = Release|Any CPU
		{8BC3F310-B201-4D29-956F-BFB13C2A8CED}.Release|Any CPU.Build.0 = Release|Any CPU
		{94E39CCB-07FC-49A6-B070-7E711C37F9DD}.Debug|Any CPU.ActiveCfg = Debug|Any CPU
		{94E39CCB-07FC-49A6-B070-7E711C37F9DD}.Debug|Any CPU.Build.0 = Debug|Any CPU
		{94E39CCB-07FC-49A6-B070-7E711C37F9DD}.Release|Any CPU.ActiveCfg = Release|Any CPU
		{94E39CCB-07FC-49A6-B070-7E711C37F9DD}.Release|Any CPU.Build.0 = Release|Any CPU
	EndGlobalSection
	GlobalSection(SolutionProperties) = preSolution
		HideSolutionNode = FALSE
	EndGlobalSection
	GlobalSection(ExtensibilityGlobals) = postSolution
		SolutionGuid = {5897EC4F-BF6A-4D5A-85A9-3904970ACD1A}
	EndGlobalSection
EndGlobal
